{
  "name": "stripe-experiment-sync",
  "version": "1.0.19",
  "lockfileVersion": 3,
  "requires": true,
  "packages": {
    "": {
      "name": "stripe-experiment-sync",
      "version": "1.0.19",
      "dependencies": {
        "@ngrok/ngrok": "^1.4.1",
        "chalk": "^5.3.0",
        "commander": "^12.1.0",
        "dotenv": "^16.4.7",
        "express": "^4.18.2",
        "inquirer": "^12.3.0",
        "papaparse": "5.4.1",
        "pg": "^8.16.3",
        "pg-node-migrations": "0.0.8",
        "stripe": "^17.7.0",
        "supabase-management-js": "^0.1.6",
        "ws": "^8.18.0",
        "yesql": "^7.0.0"
      },
      "bin": {
        "stripe-experiment-sync": "dist/cli/index.js"
      },
      "devDependencies": {
        "@types/express": "^4.17.21",
        "@types/inquirer": "^9.0.7",
        "@types/node": "^24.10.1",
        "@types/papaparse": "5.3.16",
        "@types/pg": "^8.15.5",
        "@types/ws": "^8.5.13",
        "@types/yesql": "^4.1.4",
        "@vitest/ui": "^4.0.9",
        "tsx": "^4.19.2",
        "vitest": "^3.2.4"
      }
    },
    "../../node_modules/.pnpm/@electric-sql+pglite@0.3.15/node_modules/@electric-sql/pglite": {
      "version": "0.3.15",
      "extraneous": true,
      "license": "Apache-2.0",
      "devDependencies": {
        "@arethetypeswrong/cli": "^0.18.1",
        "@electric-sql/pg-protocol": "0.0.4",
        "@types/emscripten": "^1.41.1",
        "@types/node": "^20.16.11",
        "@types/node-fetch": "^2.6.11",
        "async-mutex": "^0.4.1",
        "buffer": "^6.0.3",
        "bun": "^1.1.30",
        "concurrently": "^8.2.2",
        "http-server": "^14.1.1",
        "openpgp": "^6.3.0",
        "playwright": "^1.48.0",
        "tinytar": "^0.1.0",
        "vitest": "^2.1.2"
      }
    },
    "../../node_modules/.pnpm/@ngrok+ngrok@1.5.2/node_modules/@ngrok/ngrok": {
      "version": "1.5.2",
      "license": "(MIT OR Apache-2.0)",
      "devDependencies": {
        "@babel/core": "^7.26.10",
        "@babel/preset-env": "^7.26.9",
        "@napi-rs/cli": "^2.18.4",
        "@types/node": "^22.13.0",
        "ava": "^6.2.0",
        "axios": "^1.8.3",
        "axios-retry": "^4.5.0",
        "babel-jest": "^29.7.0",
        "expect": "^29.7.0",
        "express": "^4.21.2",
        "jest": "^30.0.0-alpha.6",
        "prettier": "^3.5.3",
        "typedoc": "^0.28.0",
        "typescript": "^5.8.2"
      },
      "engines": {
        "node": ">= 10"
      },
      "optionalDependencies": {
        "@ngrok/ngrok-android-arm64": "1.5.2",
        "@ngrok/ngrok-darwin-arm64": "1.5.2",
        "@ngrok/ngrok-darwin-universal": "1.5.2",
        "@ngrok/ngrok-darwin-x64": "1.5.2",
        "@ngrok/ngrok-freebsd-x64": "1.5.2",
        "@ngrok/ngrok-linux-arm-gnueabihf": "1.5.2",
        "@ngrok/ngrok-linux-arm64-gnu": "1.5.2",
        "@ngrok/ngrok-linux-arm64-musl": "1.5.2",
        "@ngrok/ngrok-linux-x64-gnu": "1.5.2",
        "@ngrok/ngrok-linux-x64-musl": "1.5.2",
        "@ngrok/ngrok-win32-arm64-msvc": "1.5.2",
        "@ngrok/ngrok-win32-ia32-msvc": "1.5.2",
        "@ngrok/ngrok-win32-x64-msvc": "1.5.2"
      }
    },
    "../../node_modules/.pnpm/@types+express@4.17.25/node_modules/@types/express": {
      "version": "4.17.25",
      "dev": true,
      "license": "MIT",
      "dependencies": {
        "@types/body-parser": "*",
        "@types/express-serve-static-core": "^4.17.33",
        "@types/qs": "*",
        "@types/serve-static": "^1"
      }
    },
    "../../node_modules/.pnpm/@types+inquirer@9.0.9/node_modules/@types/inquirer": {
      "version": "9.0.9",
      "dev": true,
      "license": "MIT",
      "dependencies": {
        "@types/through": "*",
        "rxjs": "^7.2.0"
      }
    },
    "../../node_modules/.pnpm/@types+node@24.10.1/node_modules/@types/node": {
      "version": "24.10.1",
      "dev": true,
      "license": "MIT",
      "dependencies": {
        "undici-types": "~7.16.0"
      }
    },
    "../../node_modules/.pnpm/@types+papaparse@5.3.16/node_modules/@types/papaparse": {
      "version": "5.3.16",
      "dev": true,
      "license": "MIT",
      "dependencies": {
        "@types/node": "*"
      }
    },
    "../../node_modules/.pnpm/@types+pg@8.15.6/node_modules/@types/pg": {
      "version": "8.15.6",
      "dev": true,
      "license": "MIT",
      "dependencies": {
        "@types/node": "*",
        "pg-protocol": "*",
        "pg-types": "^2.2.0"
      }
    },
    "../../node_modules/.pnpm/@types+react@19.2.7/node_modules/@types/react": {
      "version": "19.2.7",
      "extraneous": true,
      "license": "MIT",
      "dependencies": {
        "csstype": "^3.2.2"
      }
    },
    "../../node_modules/.pnpm/@types+ws@8.18.1/node_modules/@types/ws": {
      "version": "8.18.1",
      "dev": true,
      "license": "MIT",
      "dependencies": {
        "@types/node": "*"
      }
    },
    "../../node_modules/.pnpm/@types+yesql@4.1.4/node_modules/@types/yesql": {
      "version": "4.1.4",
      "dev": true,
      "license": "MIT"
    },
    "../../node_modules/.pnpm/@vitest+ui@4.0.9_vitest@3.2.4/node_modules/@vitest/ui": {
      "version": "4.0.9",
      "dev": true,
      "license": "MIT",
      "dependencies": {
        "@vitest/utils": "4.0.9",
        "fflate": "^0.8.2",
        "flatted": "^3.3.3",
        "pathe": "^2.0.3",
        "sirv": "^3.0.2",
        "tinyglobby": "^0.2.15",
        "tinyrainbow": "^3.0.3"
      },
      "devDependencies": {
        "@faker-js/faker": "^10.1.0",
        "@iconify-json/carbon": "^1.2.14",
        "@iconify-json/logos": "^1.2.10",
        "@types/codemirror": "^5.60.17",
        "@types/d3-force": "^3.0.10",
        "@types/d3-selection": "^3.0.11",
        "@types/ws": "^8.18.1",
        "@unocss/reset": "^66.5.5",
        "@vitejs/plugin-vue": "^6.0.1",
        "@vitest/browser-playwright": "4.0.9",
        "@vitest/runner": "4.0.9",
        "@vitest/ws-client": "4.0.9",
        "@vue/test-utils": "^2.4.6",
        "@vueuse/core": "^12.8.2",
        "ansi-to-html": "^0.7.2",
        "birpc": "^2.8.0",
        "codemirror": "^5.65.18",
        "codemirror-theme-vars": "^0.1.2",
        "d3-graph-controller": "^3.1.6",
        "floating-vue": "^5.2.2",
        "mime": "^4.1.0",
        "rollup": "^4.53.1",
        "splitpanes": "^4.0.4",
        "typescript": "^5.9.3",
        "unocss": "^66.5.5",
        "vite": "^5.0.0",
        "vite-plugin-pages": "^0.33.1",
        "vitest-browser-vue": "2.0.1",
        "vue": "^3.5.24",
        "vue-router": "^4.6.3",
        "vue-tsc": "^3.1.3",
        "vue-virtual-scroller": "2.0.0-beta.8"
      },
      "funding": {
        "url": "https://opencollective.com/vitest"
      },
      "peerDependencies": {
        "vitest": "4.0.9"
      }
    },
    "../../node_modules/.pnpm/chalk@5.6.2/node_modules/chalk": {
      "version": "5.6.2",
      "license": "MIT",
      "devDependencies": {
        "@types/node": "^16.11.10",
        "ava": "^3.15.0",
        "c8": "^7.10.0",
        "color-convert": "^2.0.1",
        "execa": "^6.0.0",
        "log-update": "^5.0.0",
        "matcha": "^0.7.0",
        "tsd": "^0.19.0",
        "xo": "^0.57.0",
        "yoctodelay": "^2.0.0"
      },
      "engines": {
        "node": "^12.17.0 || ^14.13 || >=16.0.0"
      },
      "funding": {
        "url": "https://github.com/chalk/chalk?sponsor=1"
      }
    },
    "../../node_modules/.pnpm/commander@12.1.0/node_modules/commander": {
      "version": "12.1.0",
      "license": "MIT",
      "devDependencies": {
        "@eslint/js": "^8.56.0",
        "@types/jest": "^29.2.4",
        "@types/node": "^20.2.5",
        "eslint": "^8.30.0",
        "eslint-config-prettier": "^9.1.0",
        "eslint-plugin-jest": "^28.3.0",
        "eslint-plugin-jsdoc": "^48.1.0",
        "globals": "^13.24.0",
        "jest": "^29.3.1",
        "prettier": "^3.2.5",
        "prettier-plugin-jsdoc": "^1.3.0",
        "ts-jest": "^29.0.3",
        "tsd": "^0.31.0",
        "typescript": "^5.0.4",
        "typescript-eslint": "^7.0.1"
      },
      "engines": {
        "node": ">=18"
      }
    },
    "../../node_modules/.pnpm/dotenv@16.6.1/node_modules/dotenv": {
      "version": "16.6.1",
      "license": "BSD-2-Clause",
      "devDependencies": {
        "@types/node": "^18.11.3",
        "decache": "^4.6.2",
        "sinon": "^14.0.1",
        "standard": "^17.0.0",
        "standard-version": "^9.5.0",
        "tap": "^19.2.0",
        "typescript": "^4.8.4"
      },
      "engines": {
        "node": ">=12"
      },
      "funding": {
        "url": "https://dotenvx.com"
      }
    },
    "../../node_modules/.pnpm/express@4.21.2/node_modules/express": {
      "version": "4.21.2",
      "license": "MIT",
      "dependencies": {
        "accepts": "~1.3.8",
        "array-flatten": "1.1.1",
        "body-parser": "1.20.3",
        "content-disposition": "0.5.4",
        "content-type": "~1.0.4",
        "cookie": "0.7.1",
        "cookie-signature": "1.0.6",
        "debug": "2.6.9",
        "depd": "2.0.0",
        "encodeurl": "~2.0.0",
        "escape-html": "~1.0.3",
        "etag": "~1.8.1",
        "finalhandler": "1.3.1",
        "fresh": "0.5.2",
        "http-errors": "2.0.0",
        "merge-descriptors": "1.0.3",
        "methods": "~1.1.2",
        "on-finished": "2.4.1",
        "parseurl": "~1.3.3",
        "path-to-regexp": "0.1.12",
        "proxy-addr": "~2.0.7",
        "qs": "6.13.0",
        "range-parser": "~1.2.1",
        "safe-buffer": "5.2.1",
        "send": "0.19.0",
        "serve-static": "1.16.2",
        "setprototypeof": "1.2.0",
        "statuses": "2.0.1",
        "type-is": "~1.6.18",
        "utils-merge": "1.0.1",
        "vary": "~1.1.2"
      },
      "devDependencies": {
        "after": "0.8.2",
        "connect-redis": "3.4.2",
        "cookie-parser": "1.4.6",
        "cookie-session": "2.0.0",
        "ejs": "3.1.9",
        "eslint": "8.47.0",
        "express-session": "1.17.2",
        "hbs": "4.2.0",
        "marked": "0.7.0",
        "method-override": "3.0.0",
        "mocha": "10.2.0",
        "morgan": "1.10.0",
        "nyc": "15.1.0",
        "pbkdf2-password": "1.2.1",
        "supertest": "6.3.0",
        "vhost": "~3.0.2"
      },
      "engines": {
        "node": ">= 0.10.0"
      },
      "funding": {
        "type": "opencollective",
        "url": "https://opencollective.com/express"
      }
    },
    "../../node_modules/.pnpm/ink-text-input@6.0.0_ink@6.6.0_@types+react@19.2.7_react@19.2.1__react@19.2.1/node_modules/ink-text-input": {
      "version": "6.0.0",
      "extraneous": true,
      "license": "MIT",
      "dependencies": {
        "chalk": "^5.3.0",
        "type-fest": "^4.18.2"
      },
      "devDependencies": {
        "@sindresorhus/tsconfig": "^5.0.0",
        "@types/react": "^18.3.2",
        "@types/sinon": "^17.0.3",
        "@vdemedes/prettier-config": "^2.0.1",
        "ava": "^6.1.3",
        "delay": "^6.0.0",
        "eslint-config-xo-react": "^0.27.0",
        "eslint-plugin-react": "^7.34.1",
        "eslint-plugin-react-hooks": "^4.6.2",
        "ink": "^5.0.0",
        "ink-testing-library": "vadimdemedes/ink-testing-library#f44b077e9a05a1d615bab41c72906726d34ea085",
        "prettier": "^3.2.5",
        "react": "^18.3.1",
        "sinon": "^17.0.1",
        "tsimp": "^2.0.11",
        "typescript": "^5.4.5",
        "xo": "^0.58.0"
      },
      "engines": {
        "node": ">=18"
      },
      "peerDependencies": {
        "ink": ">=5",
        "react": ">=18"
      }
    },
    "../../node_modules/.pnpm/ink@6.6.0_@types+react@19.2.7_react@19.2.1/node_modules/ink": {
      "version": "6.6.0",
      "extraneous": true,
      "license": "MIT",
      "dependencies": {
        "@alcalzone/ansi-tokenize": "^0.2.1",
        "ansi-escapes": "^7.2.0",
        "ansi-styles": "^6.2.1",
        "auto-bind": "^5.0.1",
        "chalk": "^5.6.0",
        "cli-boxes": "^3.0.0",
        "cli-cursor": "^4.0.0",
        "cli-truncate": "^5.1.1",
        "code-excerpt": "^4.0.0",
        "es-toolkit": "^1.39.10",
        "indent-string": "^5.0.0",
        "is-in-ci": "^2.0.0",
        "patch-console": "^2.0.0",
        "react-reconciler": "^0.33.0",
        "signal-exit": "^3.0.7",
        "slice-ansi": "^7.1.0",
        "stack-utils": "^2.0.6",
        "string-width": "^8.1.0",
        "type-fest": "^4.27.0",
        "widest-line": "^5.0.0",
        "wrap-ansi": "^9.0.0",
        "ws": "^8.18.0",
        "yoga-layout": "~3.2.1"
      },
      "devDependencies": {
        "@faker-js/faker": "^9.8.0",
        "@sindresorhus/tsconfig": "^7.0.0",
        "@sinonjs/fake-timers": "^14.0.0",
        "@types/ms": "^2.1.0",
        "@types/node": "^24.10.0",
        "@types/react": "^19.1.5",
        "@types/react-reconciler": "^0.32.2",
        "@types/signal-exit": "^3.0.0",
        "@types/sinon": "^17.0.3",
        "@types/stack-utils": "^2.0.2",
        "@types/ws": "^8.18.1",
        "@vdemedes/prettier-config": "^2.0.1",
        "ava": "^5.1.1",
        "boxen": "^8.0.1",
        "delay": "^7.0.0",
        "eslint-config-xo-react": "0.27.0",
        "eslint-plugin-react": "^7.37.5",
        "eslint-plugin-react-hooks": "^5.0.0",
        "ms": "^2.1.3",
        "node-pty": "^1.0.0",
        "p-queue": "^9.0.0",
        "prettier": "^3.3.3",
        "react": "^19.1.0",
        "react-devtools-core": "^7.0.1",
        "sinon": "^21.0.0",
        "strip-ansi": "^7.1.0",
        "ts-node": "^10.9.2",
        "typescript": "^5.8.3",
        "xo": "^0.59.3"
      },
      "engines": {
        "node": ">=20"
      },
      "peerDependencies": {
        "@types/react": ">=19.0.0",
        "react": ">=19.0.0",
        "react-devtools-core": "^6.1.2"
      },
      "peerDependenciesMeta": {
        "@types/react": {
          "optional": true
        },
        "react-devtools-core": {
          "optional": true
        }
      }
    },
    "../../node_modules/.pnpm/inquirer@12.11.0_@types+node@24.10.1/node_modules/inquirer": {
      "version": "12.11.0",
      "license": "MIT",
      "dependencies": {
        "@inquirer/ansi": "^1.0.2",
        "@inquirer/core": "^10.3.1",
        "@inquirer/prompts": "^7.10.0",
        "@inquirer/type": "^3.0.10",
        "mute-stream": "^3.0.0",
        "run-async": "^4.0.6",
        "rxjs": "^7.8.2"
      },
      "devDependencies": {
        "@arethetypeswrong/cli": "^0.18.2",
        "@repo/tsconfig": "0.0.0",
        "@types/mute-stream": "^0.0.4",
        "tshy": "^3.0.3"
      },
      "engines": {
        "node": ">=18"
      },
      "peerDependencies": {
        "@types/node": ">=18"
      },
      "peerDependenciesMeta": {
        "@types/node": {
          "optional": true
        }
      }
    },
    "../../node_modules/.pnpm/papaparse@5.4.1/node_modules/papaparse": {
      "version": "5.4.1",
      "license": "MIT",
      "devDependencies": {
        "chai": "^4.2.0",
        "connect": "^3.3.3",
        "eslint": "^4.19.1",
        "grunt": "^1.0.2",
        "grunt-contrib-uglify": "^3.3.0",
        "mocha": "^5.2.0",
        "mocha-headless-chrome": "^4.0.0",
        "open": "7.0.0",
        "serve-static": "^1.7.1"
      }
    },
    "../../node_modules/.pnpm/pg-node-migrations@0.0.8/node_modules/pg-node-migrations": {
      "version": "0.0.8",
      "license": "MIT",
      "dependencies": {
        "pg": "^8.6.0",
        "sql-template-strings": "^2.2.2"
      },
      "bin": {
        "pg-validate-migrations": "dist/bin/validate.js"
      },
      "devDependencies": {
        "@types/node": "^10.17.60",
        "@types/pg": "^8.6.0",
        "@types/sinon": "^9.0.11",
        "ava": "^3.15.0",
        "fit-commit-js": "^0.3.2",
        "husky": "^3.1.0",
        "prettier": "^2.3.1",
        "sinon": "^9.2.4",
        "ts-node": "^10.0.0",
        "tslint": "^6.1.3",
        "tslint-config-prettier": "^1.18.0",
        "typescript": "^4.3.4",
        "typescript-tslint-plugin": "^1.0.1"
      },
      "engines": {
        "node": ">10.17.0"
      }
    },
    "../../node_modules/.pnpm/pg@8.16.3/node_modules/pg": {
      "version": "8.16.3",
      "license": "MIT",
      "dependencies": {
        "pg-connection-string": "^2.9.1",
        "pg-pool": "^3.10.1",
        "pg-protocol": "^1.10.3",
        "pg-types": "2.2.0",
        "pgpass": "1.0.5"
      },
      "devDependencies": {
        "@cloudflare/vitest-pool-workers": "0.8.23",
        "@cloudflare/workers-types": "^4.20230404.0",
        "async": "2.6.4",
        "bluebird": "3.7.2",
        "co": "4.6.0",
        "pg-copy-streams": "0.3.0",
        "typescript": "^4.0.3",
        "vitest": "~3.0.9",
        "wrangler": "^3.x"
      },
      "engines": {
        "node": ">= 16.0.0"
      },
      "optionalDependencies": {
        "pg-cloudflare": "^1.2.7"
      },
      "peerDependencies": {
        "pg-native": ">=3.0.1"
      },
      "peerDependenciesMeta": {
        "pg-native": {
          "optional": true
        }
      }
    },
    "../../node_modules/.pnpm/react@19.2.1/node_modules/react": {
      "version": "19.2.1",
      "extraneous": true,
      "license": "MIT",
      "engines": {
        "node": ">=0.10.0"
      }
    },
    "../../node_modules/.pnpm/stripe@17.7.0/node_modules/stripe": {
      "version": "17.7.0",
      "license": "MIT",
      "dependencies": {
        "@types/node": ">=8.1.0",
        "qs": "^6.11.0"
      },
      "devDependencies": {
        "@types/chai": "^4.3.4",
        "@types/chai-as-promised": "^7.1.5",
        "@types/mocha": "^10.0.1",
        "@types/qs": "^6.9.7",
        "@typescript-eslint/eslint-plugin": "^4.33.0",
        "@typescript-eslint/parser": "^4.33.0",
        "chai": "^4.3.6",
        "chai-as-promised": "~7.1.1",
        "eslint": "^7.32.0",
        "eslint-config-prettier": "^8.5.0",
        "eslint-plugin-chai-friendly": "^0.7.2",
        "eslint-plugin-import": "^2.27.5",
        "eslint-plugin-prettier": "^3.4.1",
        "mocha": "^8.4.0",
        "mocha-junit-reporter": "^2.1.0",
        "nock": "^13.2.9",
        "node-fetch": "^2.6.7",
        "nyc": "^15.1.0",
        "prettier": "^1.16.4",
        "ts-node": "^10.9.1",
        "typescript": "^4.9.4"
      },
      "engines": {
        "node": ">=12.*"
      }
    },
    "../../node_modules/.pnpm/supabase-management-js@0.1.6/node_modules/supabase-management-js": {
      "version": "0.1.6",
      "dependencies": {
        "openapi-fetch": "^0.6.1"
      },
      "devDependencies": {
        "@changesets/cli": "^2.26.2",
        "@types/node": "18",
        "openapi-typescript": "^6.3.4",
        "rimraf": "^3.0.2",
        "tsup": "^6.5.0",
        "tsx": "^3.12.1",
        "typescript": "^4.8.4"
      },
      "engines": {
        "node": ">=18.0.0"
      }
    },
    "../../node_modules/.pnpm/tsx@4.20.6/node_modules/tsx": {
      "version": "4.20.6",
      "dev": true,
      "license": "MIT",
      "dependencies": {
        "esbuild": "~0.25.0",
        "get-tsconfig": "^4.7.5"
      },
      "bin": {
        "tsx": "dist/cli.mjs"
      },
      "engines": {
        "node": ">=18.0.0"
      },
      "optionalDependencies": {
        "fsevents": "~2.3.3"
      }
    },
    "../../node_modules/.pnpm/vitest@3.2.4_@types+node@24.10.1_@vitest+ui@4.0.9_tsx@4.20.6_yaml@2.8.1/node_modules/vitest": {
      "version": "3.2.4",
      "dev": true,
      "license": "MIT",
      "dependencies": {
        "@types/chai": "^5.2.2",
        "@vitest/expect": "3.2.4",
        "@vitest/mocker": "3.2.4",
        "@vitest/pretty-format": "^3.2.4",
        "@vitest/runner": "3.2.4",
        "@vitest/snapshot": "3.2.4",
        "@vitest/spy": "3.2.4",
        "@vitest/utils": "3.2.4",
        "chai": "^5.2.0",
        "debug": "^4.4.1",
        "expect-type": "^1.2.1",
        "magic-string": "^0.30.17",
        "pathe": "^2.0.3",
        "picomatch": "^4.0.2",
        "std-env": "^3.9.0",
        "tinybench": "^2.9.0",
        "tinyexec": "^0.3.2",
        "tinyglobby": "^0.2.14",
        "tinypool": "^1.1.1",
        "tinyrainbow": "^2.0.0",
        "vite": "^5.0.0 || ^6.0.0 || ^7.0.0-0",
        "vite-node": "3.2.4",
        "why-is-node-running": "^2.3.0"
      },
      "bin": {
        "vitest": "vitest.mjs"
      },
      "devDependencies": {
        "@ampproject/remapping": "^2.3.0",
        "@antfu/install-pkg": "^1.1.0",
        "@edge-runtime/vm": "^5.0.0",
        "@sinonjs/fake-timers": "14.0.0",
        "@types/debug": "^4.1.12",
        "@types/estree": "^1.0.8",
        "@types/istanbul-lib-coverage": "^2.0.6",
        "@types/istanbul-reports": "^3.0.4",
        "@types/jsdom": "^21.1.7",
        "@types/mime": "^4.0.0",
        "@types/node": "^22.15.32",
        "@types/picomatch": "^4.0.0",
        "@types/prompts": "^2.4.9",
        "@types/sinonjs__fake-timers": "^8.1.5",
        "acorn-walk": "^8.3.4",
        "birpc": "2.4.0",
        "cac": "^6.7.14",
        "chai-subset": "^1.6.0",
        "find-up": "^6.3.0",
        "flatted": "^3.3.3",
        "happy-dom": "^17.6.3",
        "jsdom": "^26.1.0",
        "local-pkg": "^1.1.1",
        "mime": "^4.0.7",
        "pretty-format": "^29.7.0",
        "prompts": "^2.4.2",
        "strip-literal": "^3.0.0",
        "ws": "^8.18.2"
      },
      "engines": {
        "node": "^18.0.0 || ^20.0.0 || >=22.0.0"
      },
      "funding": {
        "url": "https://opencollective.com/vitest"
      },
      "peerDependencies": {
        "@edge-runtime/vm": "*",
        "@types/debug": "^4.1.12",
        "@types/node": "^18.0.0 || ^20.0.0 || >=22.0.0",
        "@vitest/browser": "3.2.4",
        "@vitest/ui": "3.2.4",
        "happy-dom": "*",
        "jsdom": "*"
      },
      "peerDependenciesMeta": {
        "@edge-runtime/vm": {
          "optional": true
        },
        "@types/debug": {
          "optional": true
        },
        "@types/node": {
          "optional": true
        },
        "@vitest/browser": {
          "optional": true
        },
        "@vitest/ui": {
          "optional": true
        },
        "happy-dom": {
          "optional": true
        },
        "jsdom": {
          "optional": true
        }
      }
    },
    "../../node_modules/.pnpm/ws@8.18.3/node_modules/ws": {
      "version": "8.18.3",
      "license": "MIT",
      "devDependencies": {
        "benchmark": "^2.1.4",
        "bufferutil": "^4.0.1",
        "eslint": "^9.0.0",
        "eslint-config-prettier": "^10.0.1",
        "eslint-plugin-prettier": "^5.0.0",
        "globals": "^16.0.0",
        "mocha": "^8.4.0",
        "nyc": "^15.0.0",
        "prettier": "^3.0.0",
        "utf-8-validate": "^6.0.0"
      },
      "engines": {
        "node": ">=10.0.0"
      },
      "peerDependencies": {
        "bufferutil": "^4.0.1",
        "utf-8-validate": ">=5.0.2"
      },
      "peerDependenciesMeta": {
        "bufferutil": {
          "optional": true
        },
        "utf-8-validate": {
          "optional": true
        }
      }
    },
    "../../node_modules/.pnpm/yesql@7.0.0/node_modules/yesql": {
      "version": "7.0.0",
      "license": "ISC",
      "devDependencies": {
        "assert-diff": "3.0.3",
        "mocha": "10.2.0"
      }
    },
    "node_modules/@ngrok/ngrok": {
      "resolved": "../../node_modules/.pnpm/@ngrok+ngrok@1.5.2/node_modules/@ngrok/ngrok",
      "link": true
    },
    "node_modules/@types/express": {
      "resolved": "../../node_modules/.pnpm/@types+express@4.17.25/node_modules/@types/express",
      "link": true
    },
    "node_modules/@types/inquirer": {
      "resolved": "../../node_modules/.pnpm/@types+inquirer@9.0.9/node_modules/@types/inquirer",
      "link": true
    },
    "node_modules/@types/node": {
      "resolved": "../../node_modules/.pnpm/@types+node@24.10.1/node_modules/@types/node",
      "link": true
    },
    "node_modules/@types/papaparse": {
      "resolved": "../../node_modules/.pnpm/@types+papaparse@5.3.16/node_modules/@types/papaparse",
      "link": true
    },
    "node_modules/@types/pg": {
      "resolved": "../../node_modules/.pnpm/@types+pg@8.15.6/node_modules/@types/pg",
      "link": true
    },
    "node_modules/@types/ws": {
      "resolved": "../../node_modules/.pnpm/@types+ws@8.18.1/node_modules/@types/ws",
      "link": true
    },
    "node_modules/@types/yesql": {
      "resolved": "../../node_modules/.pnpm/@types+yesql@4.1.4/node_modules/@types/yesql",
      "link": true
    },
    "node_modules/@vitest/ui": {
      "resolved": "../../node_modules/.pnpm/@vitest+ui@4.0.9_vitest@3.2.4/node_modules/@vitest/ui",
      "link": true
    },
    "node_modules/chalk": {
      "resolved": "../../node_modules/.pnpm/chalk@5.6.2/node_modules/chalk",
      "link": true
    },
    "node_modules/commander": {
      "resolved": "../../node_modules/.pnpm/commander@12.1.0/node_modules/commander",
      "link": true
    },
    "node_modules/dotenv": {
      "resolved": "../../node_modules/.pnpm/dotenv@16.6.1/node_modules/dotenv",
      "link": true
    },
    "node_modules/express": {
      "resolved": "../../node_modules/.pnpm/express@4.21.2/node_modules/express",
      "link": true
    },
    "node_modules/inquirer": {
      "resolved": "../../node_modules/.pnpm/inquirer@12.11.0_@types+node@24.10.1/node_modules/inquirer",
      "link": true
    },
    "node_modules/papaparse": {
      "resolved": "../../node_modules/.pnpm/papaparse@5.4.1/node_modules/papaparse",
      "link": true
    },
    "node_modules/pg": {
      "resolved": "../../node_modules/.pnpm/pg@8.16.3/node_modules/pg",
      "link": true
    },
    "node_modules/pg-node-migrations": {
      "resolved": "../../node_modules/.pnpm/pg-node-migrations@0.0.8/node_modules/pg-node-migrations",
      "link": true
    },
    "node_modules/stripe": {
      "resolved": "../../node_modules/.pnpm/stripe@17.7.0/node_modules/stripe",
      "link": true
    },
    "node_modules/supabase-management-js": {
      "resolved": "../../node_modules/.pnpm/supabase-management-js@0.1.6/node_modules/supabase-management-js",
      "link": true
    },
    "node_modules/tsx": {
      "resolved": "../../node_modules/.pnpm/tsx@4.20.6/node_modules/tsx",
      "link": true
    },
    "node_modules/vitest": {
      "resolved": "../../node_modules/.pnpm/vitest@3.2.4_@types+node@24.10.1_@vitest+ui@4.0.9_tsx@4.20.6_yaml@2.8.1/node_modules/vitest",
      "link": true
    },
    "node_modules/ws": {
      "resolved": "../../node_modules/.pnpm/ws@8.18.3/node_modules/ws",
      "link": true
    },
    "node_modules/yesql": {
      "resolved": "../../node_modules/.pnpm/yesql@7.0.0/node_modules/yesql",
      "link": true
    }
  }
}
